
Microsoft Visual Studio Solution File, Format Version 12.00
# Visual Studio Version 17
VisualStudioVersion = 17.3.32929.385
MinimumVisualStudioVersion = 10.0.40219.1
Project("{9A19103F-16F7-4668-BE54-9A1E7A4F7556}") = "wsl partition", "wsl partition\wsl partition.csproj", "{38B6604B-21F4-4817-9E10-1C38C01235F1}"
EndProject
Global
	GlobalSection(SolutionConfigurationPlatforms) = preSolution
		Debug|Any CPU = Debug|Any CPU
		Release|Any CPU = Release|Any CPU
	EndGlobalSection
	GlobalSection(ProjectConfigurationPlatforms) = postSolution
		{38B6604B-21F4-4817-9E10-1C38C01235F1}.Debug|Any CPU.ActiveCfg = Debug|Any CPU
		{38B6604B-21F4-4817-9E10-1C38C01235F1}.Debug|Any CPU.Build.0 = Debug|Any CPU
		{38B6604B-21F4-4817-9E10-1C38C01235F1}.Release|Any CPU.ActiveCfg = Release|Any CPU
		{38B6604B-21F4-4817-9E10-1C38C01235F1}.Release|Any CPU.Build.0 = Release|Any CPU
	EndGlobalSection
	GlobalSection(SolutionProperties) = preSolution
		HideSolutionNode = FALSE
	EndGlobalSection
	GlobalSection(ExtensibilityGlobals) = postSolution
		SolutionGuid = {EDBAA6D8-D197-4DE3-8CF0-9DC2C619ABA3}
	EndGlobalSection
EndGlobal
